
Microsoft Visual Studio Solution File, Format Version 12.00
# Visual Studio 2012
Project("{FAE04EC0-301F-11D3-BF4B-00C04F79EFBC}") = "EggFarmSystem.Core", "EggFarmSystem\EggFarmSystem.Core.csproj", "{1A94011C-D5D2-4639-9A32-B3A08B29F6F2}"
EndProject
Project("{FAE04EC0-301F-11D3-BF4B-00C04F79EFBC}") = "EggFarm.FormsUI", "EggFarm.FormsUI\EggFarm.FormsUI.csproj", "{07CF498F-3D96-4FED-AC8A-75F2D5726BFD}"
EndProject
Project("{FAE04EC0-301F-11D3-BF4B-00C04F79EFBC}") = "EggFarmSystem.Client", "EggFarmSystem.Client\EggFarmSystem.Client.csproj", "{AD45852E-80D4-4DA9-B95C-F35D8FCCAA6A}"
EndProject
Project("{FAE04EC0-301F-11D3-BF4B-00C04F79EFBC}") = "EggFarmSystem.Resources", "EggFarmSystem.Resources\EggFarmSystem.Resources.csproj", "{7239B659-1D39-4BC7-A9C6-132AD29C35BF}"
EndProject
Project("{FAE04EC0-301F-11D3-BF4B-00C04F79EFBC}") = "EggFarmSystem.Services", "EggFarmSystem.Services\EggFarmSystem.Services.csproj", "{0F0B5EB0-D066-4FDB-8AB4-360901B4B188}"
EndProject
Global
	GlobalSection(SolutionConfigurationPlatforms) = preSolution
		Debug|Any CPU = Debug|Any CPU
		Release|Any CPU = Release|Any CPU
	EndGlobalSection
	GlobalSection(ProjectConfigurationPlatforms) = postSolution
		{1A94011C-D5D2-4639-9A32-B3A08B29F6F2}.Debug|Any CPU.ActiveCfg = Debug|Any CPU
		{1A94011C-D5D2-4639-9A32-B3A08B29F6F2}.Debug|Any CPU.Build.0 = Debug|Any CPU
		{1A94011C-D5D2-4639-9A32-B3A08B29F6F2}.Release|Any CPU.ActiveCfg = Release|Any CPU
		{1A94011C-D5D2-4639-9A32-B3A08B29F6F2}.Release|Any CPU.Build.0 = Release|Any CPU
		{07CF498F-3D96-4FED-AC8A-75F2D5726BFD}.Debug|Any CPU.ActiveCfg = Debug|Any CPU
		{07CF498F-3D96-4FED-AC8A-75F2D5726BFD}.Debug|Any CPU.Build.0 = Debug|Any CPU
		{07CF498F-3D96-4FED-AC8A-75F2D5726BFD}.Release|Any CPU.ActiveCfg = Release|Any CPU
		{07CF498F-3D96-4FED-AC8A-75F2D5726BFD}.Release|Any CPU.Build.0 = Release|Any CPU
		{AD45852E-80D4-4DA9-B95C-F35D8FCCAA6A}.Debug|Any CPU.ActiveCfg = Debug|Any CPU
		{AD45852E-80D4-4DA9-B95C-F35D8FCCAA6A}.Debug|Any CPU.Build.0 = Debug|Any CPU
		{AD45852E-80D4-4DA9-B95C-F35D8FCCAA6A}.Release|Any CPU.ActiveCfg = Release|Any CPU
		{AD45852E-80D4-4DA9-B95C-F35D8FCCAA6A}.Release|Any CPU.Build.0 = Release|Any CPU
		{7239B659-1D39-4BC7-A9C6-132AD29C35BF}.Debug|Any CPU.ActiveCfg = Debug|Any CPU
		{7239B659-1D39-4BC7-A9C6-132AD29C35BF}.Debug|Any CPU.Build.0 = Debug|Any CPU
		{7239B659-1D39-4BC7-A9C6-132AD29C35BF}.Release|Any CPU.ActiveCfg = Release|Any CPU
		{7239B659-1D39-4BC7-A9C6-132AD29C35BF}.Release|Any CPU.Build.0 = Release|Any CPU
		{0F0B5EB0-D066-4FDB-8AB4-360901B4B188}.Debug|Any CPU.ActiveCfg = Debug|Any CPU
		{0F0B5EB0-D066-4FDB-8AB4-360901B4B188}.Debug|Any CPU.Build.0 = Debug|Any CPU
		{0F0B5EB0-D066-4FDB-8AB4-360901B4B188}.Release|Any CPU.ActiveCfg = Release|Any CPU
		{0F0B5EB0-D066-4FDB-8AB4-360901B4B188}.Release|Any CPU.Build.0 = Release|Any CPU
	EndGlobalSection
	GlobalSection(SolutionProperties) = preSolution
		HideSolutionNode = FALSE
	EndGlobalSection
EndGlobal
